
Microsoft Visual Studio Solution File, Format Version 12.00
# Visual Studio Version 17
VisualStudioVersion = 17.4.33122.133
MinimumVisualStudioVersion = 10.0.40219.1
Project("{FAE04EC0-301F-11D3-BF4B-00C04F79EFBC}") = "FileSaverBot", "FileSaverBot\FileSaverBot.csproj", "{4DE8120F-4BC5-46D5-BA89-ACB0CAF918D9}"
EndProject
Global
	GlobalSection(SolutionConfigurationPlatforms) = preSolution
		Debug|Any CPU = Debug|Any CPU
		Release|Any CPU = Release|Any CPU
	EndGlobalSection
	GlobalSection(ProjectConfigurationPlatforms) = postSolution
		{4DE8120F-4BC5-46D5-BA89-ACB0CAF918D9}.Debug|Any CPU.ActiveCfg = Debug|Any CPU
		{4DE8120F-4BC5-46D5-BA89-ACB0CAF918D9}.Debug|Any CPU.Build.0 = Debug|Any CPU
		{4DE8120F-4BC5-46D5-BA89-ACB0CAF918D9}.Release|Any CPU.ActiveCfg = Release|Any CPU
		{4DE8120F-4BC5-46D5-BA89-ACB0CAF918D9}.Release|Any CPU.Build.0 = Release|Any CPU
	EndGlobalSection
	GlobalSection(SolutionProperties) = preSolution
		HideSolutionNode = FALSE
	EndGlobalSection
	GlobalSection(ExtensibilityGlobals) = postSolution
		SolutionGuid = {0906035D-F3C5-44E6-9BBB-24EE3AEF7763}
	EndGlobalSection
EndGlobal
